
Microsoft Visual Studio Solution File, Format Version 12.00
# Visual Studio Version 17
VisualStudioVersion = 17.0.31903.59
MinimumVisualStudioVersion = 10.0.40219.1
Project("{FAE04EC0-301F-11D3-BF4B-00C04F79EFBC}") = "NewVoiceChat.Client", "NewVoiceChat.Client\NewVoiceChat.Client.csproj", "{F447F7AC-67EA-4A2D-A642-D7A6F545599F}"
EndProject
Project("{FAE04EC0-301F-11D3-BF4B-00C04F79EFBC}") = "NewVoiceChat.Server", "NewVoiceChat.Server\NewVoiceChat.Server.csproj", "{2A2A2C6C-095B-4875-89A2-037C9AB7FEA6}"
EndProject
Project("{FAE04EC0-301F-11D3-BF4B-00C04F79EFBC}") = "NewVoiceChat.Shared", "NewVoiceChat.Shared\NewVoiceChat.Shared.csproj", "{71B0E780-7471-422C-A623-4EBCE13A17E2}"
EndProject
Global
	GlobalSection(SolutionConfigurationPlatforms) = preSolution
		Debug|Any CPU = Debug|Any CPU
		Debug|x64 = Debug|x64
		Debug|x86 = Debug|x86
		Release|Any CPU = Release|Any CPU
		Release|x64 = Release|x64
		Release|x86 = Release|x86
	EndGlobalSection
	GlobalSection(ProjectConfigurationPlatforms) = postSolution
		{F447F7AC-67EA-4A2D-A642-D7A6F545599F}.Debug|Any CPU.ActiveCfg = Debug|Any CPU
		{F447F7AC-67EA-4A2D-A642-D7A6F545599F}.Debug|Any CPU.Build.0 = Debug|Any CPU
		{F447F7AC-67EA-4A2D-A642-D7A6F545599F}.Debug|x64.ActiveCfg = Debug|Any CPU
		{F447F7AC-67EA-4A2D-A642-D7A6F545599F}.Debug|x64.Build.0 = Debug|Any CPU
		{F447F7AC-67EA-4A2D-A642-D7A6F545599F}.Debug|x86.ActiveCfg = Debug|Any CPU
		{F447F7AC-67EA-4A2D-A642-D7A6F545599F}.Debug|x86.Build.0 = Debug|Any CPU
		{F447F7AC-67EA-4A2D-A642-D7A6F545599F}.Release|Any CPU.ActiveCfg = Release|Any CPU
		{F447F7AC-67EA-4A2D-A642-D7A6F545599F}.Release|Any CPU.Build.0 = Release|Any CPU
		{F447F7AC-67EA-4A2D-A642-D7A6F545599F}.Release|x64.ActiveCfg = Release|Any CPU
		{F447F7AC-67EA-4A2D-A642-D7A6F545599F}.Release|x64.Build.0 = Release|Any CPU
		{F447F7AC-67EA-4A2D-A642-D7A6F545599F}.Release|x86.ActiveCfg = Release|Any CPU
		{F447F7AC-67EA-4A2D-A642-D7A6F545599F}.Release|x86.Build.0 = Release|Any CPU
		{2A2A2C6C-095B-4875-89A2-037C9AB7FEA6}.Debug|Any CPU.ActiveCfg = Debug|Any CPU
		{2A2A2C6C-095B-4875-89A2-037C9AB7FEA6}.Debug|Any CPU.Build.0 = Debug|Any CPU
		{2A2A2C6C-095B-4875-89A2-037C9AB7FEA6}.Debug|x64.ActiveCfg = Debug|Any CPU
		{2A2A2C6C-095B-4875-89A2-037C9AB7FEA6}.Debug|x64.Build.0 = Debug|Any CPU
		{2A2A2C6C-095B-4875-89A2-037C9AB7FEA6}.Debug|x86.ActiveCfg = Debug|Any CPU
		{2A2A2C6C-095B-4875-89A2-037C9AB7FEA6}.Debug|x86.Build.0 = Debug|Any CPU
		{2A2A2C6C-095B-4875-89A2-037C9AB7FEA6}.Release|Any CPU.ActiveCfg = Release|Any CPU
		{2A2A2C6C-095B-4875-89A2-037C9AB7FEA6}.Release|Any CPU.Build.0 = Release|Any CPU
		{2A2A2C6C-095B-4875-89A2-037C9AB7FEA6}.Release|x64.ActiveCfg = Release|Any CPU
		{2A2A2C6C-095B-4875-89A2-037C9AB7FEA6}.Release|x64.Build.0 = Release|Any CPU
		{2A2A2C6C-095B-4875-89A2-037C9AB7FEA6}.Release|x86.ActiveCfg = Release|Any CPU
		{2A2A2C6C-095B-4875-89A2-037C9AB7FEA6}.Release|x86.Build.0 = Release|Any CPU
		{71B0E780-7471-422C-A623-4EBCE13A17E2}.Debug|Any CPU.ActiveCfg = Debug|Any CPU
		{71B0E780-7471-422C-A623-4EBCE13A17E2}.Debug|Any CPU.Build.0 = Debug|Any CPU
		{71B0E780-7471-422C-A623-4EBCE13A17E2}.Debug|x64.ActiveCfg = Debug|Any CPU
		{71B0E780-7471-422C-A623-4EBCE13A17E2}.Debug|x64.Build.0 = Debug|Any CPU
		{71B0E780-7471-422C-A623-4EBCE13A17E2}.Debug|x86.ActiveCfg = Debug|Any CPU
		{71B0E780-7471-422C-A623-4EBCE13A17E2}.Debug|x86.Build.0 = Debug|Any CPU
		{71B0E780-7471-422C-A623-4EBCE13A17E2}.Release|Any CPU.ActiveCfg = Release|Any CPU
		{71B0E780-7471-422C-A623-4EBCE13A17E2}.Release|Any CPU.Build.0 = Release|Any CPU
		{71B0E780-7471-422C-A623-4EBCE13A17E2}.Release|x64.ActiveCfg = Release|Any CPU
		{71B0E780-7471-422C-A623-4EBCE13A17E2}.Release|x64.Build.0 = Release|Any CPU
		{71B0E780-7471-422C-A623-4EBCE13A17E2}.Release|x86.ActiveCfg = Release|Any CPU
		{71B0E780-7471-422C-A623-4EBCE13A17E2}.Release|x86.Build.0 = Release|Any CPU
	EndGlobalSection
	GlobalSection(SolutionProperties) = preSolution
		HideSolutionNode = FALSE
	EndGlobalSection
EndGlobal
